PODS:
  - RxCocoa (4.0.0-rc.0):
    - RxSwift (~> 4.0.0-rc.0)
  - RxSwift (4.0.0-rc.0)

DEPENDENCIES:
  - RxCocoa (from `https://github.com/ReactiveX/RxSwift.git`, branch `rxswift4.0-swift4.0`)
  - RxSwift (from `https://github.com/ReactiveX/RxSwift.git`, branch `rxswift4.0-swift4.0`)

EXTERNAL SOURCES:
  RxCocoa:
    :branch: rxswift4.0-swift4.0
    :git: https://github.com/ReactiveX/RxSwift.git
  RxSwift:
    :branch: rxswift4.0-swift4.0
    :git: https://github.com/ReactiveX/RxSwift.git

CHECKOUT OPTIONS:
  RxCocoa:
    :commit: 61261f2ee97ace3e08713921dd9406669b9debee
    :git: https://github.com/ReactiveX/RxSwift.git
  RxSwift:
    :commit: 61261f2ee97ace3e08713921dd9406669b9debee
    :git: https://github.com/ReactiveX/RxSwift.git

SPEC CHECKSUMS:
  RxCocoa: 58841348f4c6e6f6cd244522c16a6b7df5008956
  RxSwift: f0ff3c78e1f71a7d3506defde0b79c72fe39bac3

PODFILE CHECKSUM: 2d6ffa4bef4f9590692fecdd1db3a39205686448

COCOAPODS: 1.3.1
